Microsoft Visual Studio Solution File, Format Version 12.00
# Visual Studio 2012
Project("{FAE04EC0-301F-11D3-BF4B-00C04F79EFBC}") = "OpenVoice", "OpenVoice.csproj", "{F0DFB116-1A8D-46E3-B6E8-FC9759FF3A6C}"
EndProject
Global
	GlobalSection(SolutionConfigurationPlatforms) = preSolution
	Debug|Any CPU = Debug|Any CPU
	ExportDebug|Any CPU = ExportDebug|Any CPU
	ExportRelease|Any CPU = ExportRelease|Any CPU
	EndGlobalSection
	GlobalSection(ProjectConfigurationPlatforms) = postSolution
		{F0DFB116-1A8D-46E3-B6E8-FC9759FF3A6C}.Debug|Any CPU.ActiveCfg = Debug|Any CPU
		{F0DFB116-1A8D-46E3-B6E8-FC9759FF3A6C}.Debug|Any CPU.Build.0 = Debug|Any CPU
		{F0DFB116-1A8D-46E3-B6E8-FC9759FF3A6C}.ExportDebug|Any CPU.ActiveCfg = ExportDebug|Any CPU
		{F0DFB116-1A8D-46E3-B6E8-FC9759FF3A6C}.ExportDebug|Any CPU.Build.0 = ExportDebug|Any CPU
		{F0DFB116-1A8D-46E3-B6E8-FC9759FF3A6C}.ExportRelease|Any CPU.ActiveCfg = ExportRelease|Any CPU
		{F0DFB116-1A8D-46E3-B6E8-FC9759FF3A6C}.ExportRelease|Any CPU.Build.0 = ExportRelease|Any CPU
	EndGlobalSection
EndGlobal
